{
  "lockfile_version": "1",
  "packages": {
    "github:NixOS/nixpkgs/nixpkgs-unstable": {
      "last_modified": "2025-04-13T09:22:33Z",
      "resolved": "github:NixOS/nixpkgs/18dd725c29603f582cf1900e0d25f9f1063dbf11?lastModified=1744536153&narHash=sha256-awS2zRgF4uTwrOKwwiJcByDzDOdo3Q1rPZbiHQg%2FN38%3D"
    },
    "python@3.10": {
      "last_modified": "2025-04-01T11:22:06Z",
      "plugin_version": "0.0.4",
      "resolved": "github:NixOS/nixpkgs/a4325209863278fc096401bfe9e0a9da34aa9e00#python310",
      "source": "devbox-search",
      "version": "3.10.16",
      "systems": {
        "aarch64-darwin": {
          "outputs": [
            {
              "name": "out",
              "path": "/nix/store/qcr2624yk9wshqk4j8v3b7msnxvhrysk-python3-3.10.16",
              "default": true
            }
          ],
          "store_path": "/nix/store/qcr2624yk9wshqk4j8v3b7msnxvhrysk-python3-3.10.16"
        },
        "aarch64-linux": {
          "outputs": [
            {
              "name": "out",
              "path": "/nix/store/gxc6j86w2npsfg5c4j1r5kgzlpr9zvr3-python3-3.10.16",
              "default": true
            },
            {
              "name": "debug",
              "path": "/nix/store/g6gbc614akb9m9lc85c6s4bpb2y49fvg-python3-3.10.16-debug"
            }
          ],
          "store_path": "/nix/store/gxc6j86w2npsfg5c4j1r5kgzlpr9zvr3-python3-3.10.16"
        },
        "x86_64-darwin": {
          "outputs": [
            {
              "name": "out",
              "path": "/nix/store/fkr1fkdlb6yffizypgc7z2cc1ac2s1yg-python3-3.10.16",
              "default": true
            }
          ],
          "store_path": "/nix/store/fkr1fkdlb6yffizypgc7z2cc1ac2s1yg-python3-3.10.16"
        },
        "x86_64-linux": {
          "outputs": [
            {
              "name": "out",
              "path": "/nix/store/8nwlxl63mw5cdv0kjmj9mqx8aqhcpyi1-python3-3.10.16",
              "default": true
            },
            {
              "name": "debug",
              "path": "/nix/store/1h1nccf77081hrnlgr4xycp0b2j1xj40-python3-3.10.16-debug"
            }
          ],
          "store_path": "/nix/store/8nwlxl63mw5cdv0kjmj9mqx8aqhcpyi1-python3-3.10.16"
        }
      }
    }
  }
}
